// !$*UTF8*$!
{
	archiveVersion = 1;
	classes = {
	};
	objectVersion = 46;
	objects = {

/* Begin PBXBuildFile section */
		82108FCC1CBF4D8F0019F1A3 /* AppDelegate.swift in Sources */ = {isa = PBXBuildFile; fileRef = 82108FCB1CBF4D8F0019F1A3 /* AppDelegate.swift */; };
		82108FCE1CBF4D8F0019F1A3 /* ViewController.swift in Sources */ = {isa = PBXBuildFile; fileRef = 82108FCD1CBF4D8F0019F1A3 /* ViewController.swift */; };
		82108FD11CBF4D8F0019F1A3 /* Main.storyboard in Resources */ = {isa = PBXBuildFile; fileRef = 82108FCF1CBF4D8F0019F1A3 /* Main.storyboard */; };
		82108FD41CBF4D8F0019F1A3 /* Scoreboard.xcdatamodeld in Sources */ = {isa = PBXBuildFile; fileRef = 82108FD21CBF4D8F0019F1A3 /* Scoreboard.xcdatamodeld */; };
		82108FD61CBF4D8F0019F1A3 /* Assets.xcassets in Resources */ = {isa = PBXBuildFile; fileRef = 82108FD51CBF4D8F0019F1A3 /* Assets.xcassets */; };
		82108FD91CBF4D8F0019F1A3 /* LaunchScreen.storyboard in Resources */ = {isa = PBXBuildFile; fileRef = 82108FD71CBF4D8F0019F1A3 /* LaunchScreen.storyboard */; };
		82108FE41CBF4D8F0019F1A3 /* ScoreboardTests.swift in Sources */ = {isa = PBXBuildFile; fileRef = 82108FE31CBF4D8F0019F1A3 /* ScoreboardTests.swift */; };
		82108FEF1CBF4D900019F1A3 /* ScoreboardUITests.swift in Sources */ = {isa = PBXBuildFile; fileRef = 82108FEE1CBF4D900019F1A3 /* ScoreboardUITests.swift */; };
		828B225F1CDAE95700BFF62D /* data.db in Resources */ = {isa = PBXBuildFile; fileRef = 828B225E1CDAE95700BFF62D /* data.db */; };
		828B22641CDAE98B00BFF62D /* SQLiteDB.swift in Sources */ = {isa = PBXBuildFile; fileRef = 828B22611CDAE98B00BFF62D /* SQLiteDB.swift */; };
		828B22651CDAE98B00BFF62D /* SQLTable.swift in Sources */ = {isa = PBXBuildFile; fileRef = 828B22621CDAE98B00BFF62D /* SQLTable.swift */; };
		828B22661CDAE98B00BFF62D /* String-Extras.swift in Sources */ = {isa = PBXBuildFile; fileRef = 828B22631CDAE98B00BFF62D /* String-Extras.swift */; };
		8290D4691CCE488500416437 /* libsqlite3.0.tbd in Frameworks */ = {isa = PBXBuildFile; fileRef = 8290D4681CCE488500416437 /* libsqlite3.0.tbd */; };
/* End PBXBuildFile section */

/* Begin PBXContainerItemProxy section */
		82108FE01CBF4D8F0019F1A3 /* PBXContainerItemProxy */ = {
			isa = PBXContainerItemProxy;
			containerPortal = 82108FC01CBF4D8F0019F1A3 /* Project object */;
			proxyType = 1;
			remoteGlobalIDString = 82108FC71CBF4D8F0019F1A3;
			remoteInfo = Scoreboard;
		};
		82108FEB1CBF4D8F0019F1A3 /* PBXContainerItemProxy */ = {
			isa = PBXContainerItemProxy;
			containerPortal = 82108FC01CBF4D8F0019F1A3 /* Project object */;
			proxyType = 1;
			remoteGlobalIDString = 82108FC71CBF4D8F0019F1A3;
			remoteInfo = Scoreboard;
		};
/* End PBXContainerItemProxy section */

/* Begin PBXFileReference section */
		82108FC81CBF4D8F0019F1A3 /* Scoreboard.app */ = {isa = PBXFileReference; explicitFileType = wrapper.application; includeInIndex = 0; path = Scoreboard.app; sourceTree = BUILT_PRODUCTS_DIR; };
		82108FCB1CBF4D8F0019F1A3 /* AppDelegate.swift */ = {isa = PBXFileReference; lastKnownFileType = sourcecode.swift; path = AppDelegate.swift; sourceTree = "<group>"; };
		82108FCD1CBF4D8F0019F1A3 /* ViewController.swift */ = {isa = PBXFileReference; lastKnownFileType = sourcecode.swift; path = ViewController.swift; sourceTree = "<group>"; };
		82108FD01CBF4D8F0019F1A3 /* Base */ = {isa = PBXFileReference; lastKnownFileType = file.storyboard; name = Base; path = Base.lproj/Main.storyboard; sourceTree = "<group>"; };
		82108FD31CBF4D8F0019F1A3 /* Scoreboard.xcdatamodel */ = {isa = PBXFileReference; lastKnownFileType = wrapper.xcdatamodel; path = Scoreboard.xcdatamodel; sourceTree = "<group>"; };
		82108FD51CBF4D8F0019F1A3 /* Assets.xcassets */ = {isa = PBXFileReference; lastKnownFileType = folder.assetcatalog; path = Assets.xcassets; sourceTree = "<group>"; };
		82108FD81CBF4D8F0019F1A3 /* Base */ = {isa = PBXFileReference; lastKnownFileType = file.storyboard; name = Base; path = Base.lproj/LaunchScreen.storyboard; sourceTree = "<group>"; };
		82108FDA1CBF4D8F0019F1A3 /* Info.plist */ = {isa = PBXFileReference; lastKnownFileType = text.plist.xml; path = Info.plist; sourceTree = "<group>"; };
		82108FDF1CBF4D8F0019F1A3 /* ScoreboardTests.xctest */ = {isa = PBXFileReference; explicitFileType = wrapper.cfbundle; includeInIndex = 0; path = ScoreboardTests.xctest; sourceTree = BUILT_PRODUCTS_DIR; };
		82108FE31CBF4D8F0019F1A3 /* ScoreboardTests.swift */ = {isa = PBXFileReference; lastKnownFileType = sourcecode.swift; path = ScoreboardTests.swift; sourceTree = "<group>"; };
		82108FE51CBF4D8F0019F1A3 /* Info.plist */ = {isa = PBXFileReference; lastKnownFileType = text.plist.xml; path = Info.plist; sourceTree = "<group>"; };
		82108FEA1CBF4D8F0019F1A3 /* ScoreboardUITests.xctest */ = {isa = PBXFileReference; explicitFileType = wrapper.cfbundle; includeInIndex = 0; path = ScoreboardUITests.xctest; sourceTree = BUILT_PRODUCTS_DIR; };
		82108FEE1CBF4D900019F1A3 /* ScoreboardUITests.swift */ = {isa = PBXFileReference; lastKnownFileType = sourcecode.swift; path = ScoreboardUITests.swift; sourceTree = "<group>"; };
		82108FF01CBF4D900019F1A3 /* Info.plist */ = {isa = PBXFileReference; lastKnownFileType = text.plist.xml; path = Info.plist; sourceTree = "<group>"; };
		828029361CC876030017DA86 /* Scoreboard-Bridging-Header.h */ = {isa = PBXFileReference; lastKnownFileType = sourcecode.c.h; path = "Scoreboard-Bridging-Header.h"; sourceTree = "<group>"; };
		828B225E1CDAE95700BFF62D /* data.db */ = {isa = PBXFileReference; fileEncoding = 4; lastKnownFileType = text; path = data.db; sourceTree = "<group>"; };
		828B22611CDAE98B00BFF62D /* SQLiteDB.swift */ = {isa = PBXFileReference; fileEncoding = 4; lastKnownFileType = sourcecode.swift; name = SQLiteDB.swift; path = SQLiteDB/SQLiteDB.swift; sourceTree = "<group>"; };
		828B22621CDAE98B00BFF62D /* SQLTable.swift */ = {isa = PBXFileReference; fileEncoding = 4; lastKnownFileType = sourcecode.swift; name = SQLTable.swift; path = SQLiteDB/SQLTable.swift; sourceTree = "<group>"; };
		828B22631CDAE98B00BFF62D /* String-Extras.swift */ = {isa = PBXFileReference; fileEncoding = 4; lastKnownFileType = sourcecode.swift; name = "String-Extras.swift"; path = "SQLiteDB/String-Extras.swift"; sourceTree = "<group>"; };
		8290D4681CCE488500416437 /* libsqlite3.0.tbd */ = {isa = PBXFileReference; lastKnownFileType = "sourcecode.text-based-dylib-definition"; name = libsqlite3.0.tbd; path = usr/lib/libsqlite3.0.tbd; sourceTree = SDKROOT; };
/* End PBXFileReference section */

/* Begin PBXFrameworksBuildPhase section */
		82108FC51CBF4D8F0019F1A3 /* Frameworks */ = {
			isa = PBXFrameworksBuildPhase;
			buildActionMask = 2147483647;
			files = (
				8290D4691CCE488500416437 /* libsqlite3.0.tbd in Frameworks */,
			);
			runOnlyForDeploymentPostprocessing = 0;
		};
		82108FDC1CBF4D8F0019F1A3 /* Frameworks */ = {
			isa = PBXFrameworksBuildPhase;
			buildActionMask = 2147483647;
			files = (
			);
			runOnlyForDeploymentPostprocessing = 0;
		};
		82108FE71CBF4D8F0019F1A3 /* Frameworks */ = {
			isa = PBXFrameworksBuildPhase;
			buildActionMask = 2147483647;
			files = (
			);
			runOnlyForDeploymentPostprocessing = 0;
		};
/* End PBXFrameworksBuildPhase section */

/* Begin PBXGroup section */
		82108FBF1CBF4D8F0019F1A3 = {
			isa = PBXGroup;
			children = (
				828B22601CDAE96500BFF62D /* SQLiteDB */,
				828B225E1CDAE95700BFF62D /* data.db */,
				8290D4681CCE488500416437 /* libsqlite3.0.tbd */,
				82108FCA1CBF4D8F0019F1A3 /* Scoreboard */,
				82108FE21CBF4D8F0019F1A3 /* ScoreboardTests */,
				82108FED1CBF4D900019F1A3 /* ScoreboardUITests */,
				82108FC91CBF4D8F0019F1A3 /* Products */,
			);
			sourceTree = "<group>";
		};
		82108FC91CBF4D8F0019F1A3 /* Products */ = {
			isa = PBXGroup;
			children = (
				82108FC81CBF4D8F0019F1A3 /* Scoreboard.app */,
				82108FDF1CBF4D8F0019F1A3 /* ScoreboardTests.xctest */,
				82108FEA1CBF4D8F0019F1A3 /* ScoreboardUITests.xctest */,
			);
			name = Products;
			sourceTree = "<group>";
		};
		82108FCA1CBF4D8F0019F1A3 /* Scoreboard */ = {
			isa = PBXGroup;
			children = (
				82108FCB1CBF4D8F0019F1A3 /* AppDelegate.swift */,
				82108FCD1CBF4D8F0019F1A3 /* ViewController.swift */,
				82108FCF1CBF4D8F0019F1A3 /* Main.storyboard */,
				82108FD51CBF4D8F0019F1A3 /* Assets.xcassets */,
				82108FD71CBF4D8F0019F1A3 /* LaunchScreen.storyboard */,
				82108FDA1CBF4D8F0019F1A3 /* Info.plist */,
				82108FD21CBF4D8F0019F1A3 /* Scoreboard.xcdatamodeld */,
				828029361CC876030017DA86 /* Scoreboard-Bridging-Header.h */,
			);
			path = Scoreboard;
			sourceTree = "<group>";
		};
		82108FE21CBF4D8F0019F1A3 /* ScoreboardTests */ = {
			isa = PBXGroup;
			children = (
				82108FE31CBF4D8F0019F1A3 /* ScoreboardTests.swift */,
				82108FE51CBF4D8F0019F1A3 /* Info.plist */,
			);
			path = ScoreboardTests;
			sourceTree = "<group>";
		};
		82108FED1CBF4D900019F1A3 /* ScoreboardUITests */ = {
			isa = PBXGroup;
			children = (
				82108FEE1CBF4D900019F1A3 /* ScoreboardUITests.swift */,
				82108FF01CBF4D900019F1A3 /* Info.plist */,
			);
			path = ScoreboardUITests;
			sourceTree = "<group>";
		};
		828B22601CDAE96500BFF62D /* SQLiteDB */ = {
			isa = PBXGroup;
			children = (
				828B22611CDAE98B00BFF62D /* SQLiteDB.swift */,
				828B22621CDAE98B00BFF62D /* SQLTable.swift */,
				828B22631CDAE98B00BFF62D /* String-Extras.swift */,
			);
			name = SQLiteDB;
			sourceTree = "<group>";
		};
/* End PBXGroup section */

/* Begin PBXNativeTarget section */
		82108FC71CBF4D8F0019F1A3 /* Scoreboard */ = {
			isa = PBXNativeTarget;
			buildConfigurationList = 82108FF31CBF4D900019F1A3 /* Build configuration list for PBXNativeTarget "Scoreboard" */;
			buildPhases = (
				82108FC41CBF4D8F0019F1A3 /* Sources */,
				82108FC51CBF4D8F0019F1A3 /* Frameworks */,
				82108FC61CBF4D8F0019F1A3 /* Resources */,
			);
			buildRules = (
			);
			dependencies = (
			);
			name = Scoreboard;
			productName = Scoreboard;
			productReference = 82108FC81CBF4D8F0019F1A3 /* Scoreboard.app */;
			productType = "com.apple.product-type.application";
		};
		82108FDE1CBF4D8F0019F1A3 /* ScoreboardTests */ = {
			isa = PBXNativeTarget;
			buildConfigurationList = 82108FF61CBF4D900019F1A3 /* Build configuration list for PBXNativeTarget "ScoreboardTests" */;
			buildPhases = (
				82108FDB1CBF4D8F0019F1A3 /* Sources */,
				82108FDC1CBF4D8F0019F1A3 /* Frameworks */,
				82108FDD1CBF4D8F0019F1A3 /* Resources */,
			);
			buildRules = (
			);
			dependencies = (
				82108FE11CBF4D8F0019F1A3 /* PBXTargetDependency */,
			);
			name = ScoreboardTests;
			productName = ScoreboardTests;
			productReference = 82108FDF1CBF4D8F0019F1A3 /* ScoreboardTests.xctest */;
			productType = "com.apple.product-type.bundle.unit-test";
		};
		82108FE91CBF4D8F0019F1A3 /* ScoreboardUITests */ = {
			isa = PBXNativeTarget;
			buildConfigurationList = 82108FF91CBF4D900019F1A3 /* Build configuration list for PBXNativeTarget "ScoreboardUITests" */;
			buildPhases = (
				82108FE61CBF4D8F0019F1A3 /* Sources */,
				82108FE71CBF4D8F0019F1A3 /* Frameworks */,
				82108FE81CBF4D8F0019F1A3 /* Resources */,
			);
			buildRules = (
			);
			dependencies = (
				82108FEC1CBF4D8F0019F1A3 /* PBXTargetDependency */,
			);
			name = ScoreboardUITests;
			productName = ScoreboardUITests;
			productReference = 82108FEA1CBF4D8F0019F1A3 /* ScoreboardUITests.xctest */;
			productType = "com.apple.product-type.bundle.ui-testing";
		};
/* End PBXNativeTarget section */

/* Begin PBXProject section */
		82108FC01CBF4D8F0019F1A3 /* Project object */ = {
			isa = PBXProject;
			attributes = {
				LastSwiftUpdateCheck = 0710;
				LastUpgradeCheck = 0710;
				ORGANIZATIONNAME = SteinsGate;
				TargetAttributes = {
					82108FC71CBF4D8F0019F1A3 = {
						CreatedOnToolsVersion = 7.1;
					};
					82108FDE1CBF4D8F0019F1A3 = {
						CreatedOnToolsVersion = 7.1;
						TestTargetID = 82108FC71CBF4D8F0019F1A3;
					};
					82108FE91CBF4D8F0019F1A3 = {
						CreatedOnToolsVersion = 7.1;
						TestTargetID = 82108FC71CBF4D8F0019F1A3;
					};
				};
			};
			buildConfigurationList = 82108FC31CBF4D8F0019F1A3 /* Build configuration list for PBXProject "Scoreboard" */;
			compatibilityVersion = "Xcode 3.2";
			developmentRegion = English;
			hasScannedForEncodings = 0;
			knownRegions = (
				en,
				Base,
			);
			mainGroup = 82108FBF1CBF4D8F0019F1A3;
			productRefGroup = 82108FC91CBF4D8F0019F1A3 /* Products */;
			projectDirPath = "";
			projectRoot = "";
			targets = (
				82108FC71CBF4D8F0019F1A3 /* Scoreboard */,
				82108FDE1CBF4D8F0019F1A3 /* ScoreboardTests */,
				82108FE91CBF4D8F0019F1A3 /* ScoreboardUITests */,
			);
		};
/* End PBXProject section */

/* Begin PBXResourcesBuildPhase section */
		82108FC61CBF4D8F0019F1A3 /* Resources */ = {
			isa = PBXResourcesBuildPhase;
			buildActionMask = 2147483647;
			files = (
				82108FD91CBF4D8F0019F1A3 /* LaunchScreen.storyboard in Resources */,
				828B225F1CDAE95700BFF62D /* data.db in Resources */,
				82108FD61CBF4D8F0019F1A3 /* Assets.xcassets in Resources */,
				82108FD11CBF4D8F0019F1A3 /* Main.storyboard in Resources */,
			);
			runOnlyForDeploymentPostprocessing = 0;
		};
		82108FDD1CBF4D8F0019F1A3 /* Resources */ = {
			isa = PBXResourcesBuildPhase;
			buildActionMask = 2147483647;
			files = (
			);
			runOnlyForDeploymentPostprocessing = 0;
		};
		82108FE81CBF4D8F0019F1A3 /* Resources */ = {
			isa = PBXResourcesBuildPhase;
			buildActionMask = 2147483647;
			files = (
			);
			runOnlyForDeploymentPostprocessing = 0;
		};
/* End PBXResourcesBuildPhase section */

/* Begin PBXSourcesBuildPhase section */
		82108FC41CBF4D8F0019F1A3 /* Sources */ = {
			isa = PBXSourcesBuildPhase;
			buildActionMask = 2147483647;
			files = (
				82108FCE1CBF4D8F0019F1A3 /* ViewController.swift in Sources */,
				828B22661CDAE98B00BFF62D /* String-Extras.swift in Sources */,
				828B22641CDAE98B00BFF62D /* SQLiteDB.swift in Sources */,
				82108FCC1CBF4D8F0019F1A3 /* AppDelegate.swift in Sources */,
				82108FD41CBF4D8F0019F1A3 /* Scoreboard.xcdatamodeld in Sources */,
				828B22651CDAE98B00BFF62D /* SQLTable.swift in Sources */,
			);
			runOnlyForDeploymentPostprocessing = 0;
		};
		82108FDB1CBF4D8F0019F1A3 /* Sources */ = {
			isa = PBXSourcesBuildPhase;
			buildActionMask = 2147483647;
			files = (
				82108FE41CBF4D8F0019F1A3 /* ScoreboardTests.swift in Sources */,
			);
			runOnlyForDeploymentPostprocessing = 0;
		};
		82108FE61CBF4D8F0019F1A3 /* Sources */ = {
			isa = PBXSourcesBuildPhase;
			buildActionMask = 2147483647;
			files = (
				82108FEF1CBF4D900019F1A3 /* ScoreboardUITests.swift in Sources */,
			);
			runOnlyForDeploymentPostprocessing = 0;
		};
/* End PBXSourcesBuildPhase section */

/* Begin PBXTargetDependency section */
		82108FE11CBF4D8F0019F1A3 /* PBXTargetDependency */ = {
			isa = PBXTargetDependency;
			target = 82108FC71CBF4D8F0019F1A3 /* Scoreboard */;
			targetProxy = 82108FE01CBF4D8F0019F1A3 /* PBXContainerItemProxy */;
		};
		82108FEC1CBF4D8F0019F1A3 /* PBXTargetDependency */ = {
			isa = PBXTargetDependency;
			target = 82108FC71CBF4D8F0019F1A3 /* Scoreboard */;
			targetProxy = 82108FEB1CBF4D8F0019F1A3 /* PBXContainerItemProxy */;
		};
/* End PBXTargetDependency section */

/* Begin PBXVariantGroup section */
		82108FCF1CBF4D8F0019F1A3 /* Main.storyboard */ = {
			isa = PBXVariantGroup;
			children = (
				82108FD01CBF4D8F0019F1A3 /* Base */,
			);
			name = Main.storyboard;
			sourceTree = "<group>";
		};
		82108FD71CBF4D8F0019F1A3 /* LaunchScreen.storyboard */ = {
			isa = PBXVariantGroup;
			children = (
				82108FD81CBF4D8F0019F1A3 /* Base */,
			);
			name = LaunchScreen.storyboard;
			sourceTree = "<group>";
		};
/* End PBXVariantGroup section */

/* Begin XCBuildConfiguration section */
		82108FF11CBF4D900019F1A3 /* Debug */ = {
			isa = XCBuildConfiguration;
			buildSettings = {
				ALWAYS_SEARCH_USER_PATHS = NO;
				CLANG_CXX_LANGUAGE_STANDARD = "gnu++0x";
				CLANG_CXX_LIBRARY = "libc++";
				CLANG_ENABLE_MODULES = YES;
				CLANG_ENABLE_OBJC_ARC = YES;
				CLANG_WARN_BOOL_CONVERSION = YES;
				CLANG_WARN_CONSTANT_CONVERSION = YES;
				CLANG_WARN_DIRECT_OBJC_ISA_USAGE = YES_ERROR;
				CLANG_WARN_EMPTY_BODY = YES;
				CLANG_WARN_ENUM_CONVERSION = YES;
				CLANG_WARN_INT_CONVERSION = YES;
				CLANG_WARN_OBJC_ROOT_CLASS = YES_ERROR;
				CLANG_WARN_UNREACHABLE_CODE = YES;
				CLANG_WARN__DUPLICATE_METHOD_MATCH = YES;
				"CODE_SIGN_IDENTITY[sdk=iphoneos*]" = "iPhone Developer";
				COPY_PHASE_STRIP = NO;
				DEBUG_INFORMATION_FORMAT = dwarf;
				ENABLE_STRICT_OBJC_MSGSEND = YES;
				ENABLE_TESTABILITY = YES;
				GCC_C_LANGUAGE_STANDARD = gnu99;
				GCC_DYNAMIC_NO_PIC = NO;
				GCC_NO_COMMON_BLOCKS = YES;
				GCC_OPTIMIZATION_LEVEL = 0;
				GCC_PREPROCESSOR_DEFINITIONS = (
					"DEBUG=1",
					"$(inherited)",
				);
				GCC_WARN_64_TO_32_BIT_CONVERSION = YES;
				GCC_WARN_ABOUT_RETURN_TYPE = YES_ERROR;
				GCC_WARN_UNDECLARED_SELECTOR = YES;
				GCC_WARN_UNINITIALIZED_AUTOS = YES_AGGRESSIVE;
				GCC_WARN_UNUSED_FUNCTION = YES;
				GCC_WARN_UNUSED_VARIABLE = YES;
				IPHONEOS_DEPLOYMENT_TARGET = 9.1;
				MTL_ENABLE_DEBUG_INFO = YES;
				ONLY_ACTIVE_ARCH = YES;
				SDKROOT = iphoneos;
				SWIFT_OPTIMIZATION_LEVEL = "-Onone";
			};
			name = Debug;
		};
		82108FF21CBF4D900019F1A3 /* Release */ = {
			isa = XCBuildConfiguration;
			buildSettings = {
				ALWAYS_SEARCH_USER_PATHS = NO;
				CLANG_CXX_LANGUAGE_STANDARD = "gnu++0x";
				CLANG_CXX_LIBRARY = "libc++";
				CLANG_ENABLE_MODULES = YES;
				CLANG_ENABLE_OBJC_ARC = YES;
				CLANG_WARN_BOOL_CONVERSION = YES;
				CLANG_WARN_CONSTANT_CONVERSION = YES;
				CLANG_WARN_DIRECT_OBJC_ISA_USAGE = YES_ERROR;
				CLANG_WARN_EMPTY_BODY = YES;
				CLANG_WARN_ENUM_CONVERSION = YES;
				CLANG_WARN_INT_CONVERSION = YES;
				CLANG_WARN_OBJC_ROOT_CLASS = YES_ERROR;
				CLANG_WARN_UNREACHABLE_CODE = YES;
				CLANG_WARN__DUPLICATE_METHOD_MATCH = YES;
				"CODE_SIGN_IDENTITY[sdk=iphoneos*]" = "iPhone Developer";
				COPY_PHASE_STRIP = NO;
				DEBUG_INFORMATION_FORMAT = "dwarf-with-dsym";
				ENABLE_NS_ASSERTIONS = NO;
				ENABLE_STRICT_OBJC_MSGSEND = YES;
				GCC_C_LANGUAGE_STANDARD = gnu99;
				GCC_NO_COMMON_BLOCKS = YES;
				GCC_WARN_64_TO_32_BIT_CONVERSION = YES;
				GCC_WARN_ABOUT_RETURN_TYPE = YES_ERROR;
				GCC_WARN_UNDECLARED_SELECTOR = YES;
				GCC_WARN_UNINITIALIZED_AUTOS = YES_AGGRESSIVE;
				GCC_WARN_UNUSED_FUNCTION = YES;
				GCC_WARN_UNUSED_VARIABLE = YES;
				IPHONEOS_DEPLOYMENT_TARGET = 9.1;
				MTL_ENABLE_DEBUG_INFO = NO;
				SDKROOT = iphoneos;
				VALIDATE_PRODUCT = YES;
			};
			name = Release;
		};
		82108FF41CBF4D900019F1A3 /* Debug */ = {
			isa = XCBuildConfiguration;
			buildSettings = {
				ASSETCATALOG_COMPILER_APPICON_NAME = AppIcon;
				CLANG_ENABLE_MODULES = YES;
				INFOPLIST_FILE = Scoreboard/Info.plist;
				LD_RUNPATH_SEARCH_PATHS = "$(inherited) @executable_path/Frameworks";
				PRODUCT_BUNDLE_IDENTIFIER = test.Scoreboard;
				PRODUCT_NAME = "$(TARGET_NAME)";
				SWIFT_OBJC_BRIDGING_HEADER = "Scoreboard/Scoreboard-Bridging-Header.h";
				SWIFT_OPTIMIZATION_LEVEL = "-Onone";
			};
			name = Debug;
		};
		82108FF51CBF4D900019F1A3 /* Release */ = {
			isa = XCBuildConfiguration;
			buildSettings = {
				ASSETCATALOG_COMPILER_APPICON_NAME = AppIcon;
				CLANG_ENABLE_MODULES = YES;
				INFOPLIST_FILE = Scoreboard/Info.plist;
				LD_RUNPATH_SEARCH_PATHS = "$(inherited) @executable_path/Frameworks";
				PRODUCT_BUNDLE_IDENTIFIER = test.Scoreboard;
				PRODUCT_NAME = "$(TARGET_NAME)";
				SWIFT_OBJC_BRIDGING_HEADER = "Scoreboard/Scoreboard-Bridging-Header.h";
			};
			name = Release;
		};
		82108FF71CBF4D900019F1A3 /* Debug */ = {
			isa = XCBuildConfiguration;
			buildSettings = {
				BUNDLE_LOADER = "$(TEST_HOST)";
				INFOPLIST_FILE = ScoreboardTests/Info.plist;
				LD_RUNPATH_SEARCH_PATHS = "$(inherited) @executable_path/Frameworks @loader_path/Frameworks";
				PRODUCT_BUNDLE_IDENTIFIER = test.ScoreboardTests;
				PRODUCT_NAME = "$(TARGET_NAME)";
				TEST_HOST = "$(BUILT_PRODUCTS_DIR)/Scoreboard.app/Scoreboard";
			};
			name = Debug;
		};
		82108FF81CBF4D900019F1A3 /* Release */ = {
			isa = XCBuildConfiguration;
			buildSettings = {
				BUNDLE_LOADER = "$(TEST_HOST)";
				INFOPLIST_FILE = ScoreboardTests/Info.plist;
				LD_RUNPATH_SEARCH_PATHS = "$(inherited) @executable_path/Frameworks @loader_path/Frameworks";
				PRODUCT_BUNDLE_IDENTIFIER = test.ScoreboardTests;
				PRODUCT_NAME = "$(TARGET_NAME)";
				TEST_HOST = "$(BUILT_PRODUCTS_DIR)/Scoreboard.app/Scoreboard";
			};
			name = Release;
		};
		82108FFA1CBF4D900019F1A3 /* Debug */ = {
			isa = XCBuildConfiguration;
			buildSettings = {
				INFOPLIST_FILE = ScoreboardUITests/Info.plist;
				LD_RUNPATH_SEARCH_PATHS = "$(inherited) @executable_path/Frameworks @loader_path/Frameworks";
				PRODUCT_BUNDLE_IDENTIFIER = test.ScoreboardUITests;
				PRODUCT_NAME = "$(TARGET_NAME)";
				TEST_TARGET_NAME = Scoreboard;
				USES_XCTRUNNER = YES;
			};
			name = Debug;
		};
		82108FFB1CBF4D900019F1A3 /* Release */ = {
			isa = XCBuildConfiguration;
			buildSettings = {
				INFOPLIST_FILE = ScoreboardUITests/Info.plist;
				LD_RUNPATH_SEARCH_PATHS = "$(inherited) @executable_path/Frameworks @loader_path/Frameworks";
				PRODUCT_BUNDLE_IDENTIFIER = test.ScoreboardUITests;
				PRODUCT_NAME = "$(TARGET_NAME)";
				TEST_TARGET_NAME = Scoreboard;
				USES_XCTRUNNER = YES;
			};
			name = Release;
		};
/* End XCBuildConfiguration section */

/* Begin XCConfigurationList section */
		82108FC31CBF4D8F0019F1A3 /* Build configuration list for PBXProject "Scoreboard" */ = {
			isa = XCConfigurationList;
			buildConfigurations = (
				82108FF11CBF4D900019F1A3 /* Debug */,
				82108FF21CBF4D900019F1A3 /* Release */,
			);
			defaultConfigurationIsVisible = 0;
			defaultConfigurationName = Release;
		};
		82108FF31CBF4D900019F1A3 /* Build configuration list for PBXNativeTarget "Scoreboard" */ = {
			isa = XCConfigurationList;
			buildConfigurations = (
				82108FF41CBF4D900019F1A3 /* Debug */,
				82108FF51CBF4D900019F1A3 /* Release */,
			);
			defaultConfigurationIsVisible = 0;
			defaultConfigurationName = Release;
		};
		82108FF61CBF4D900019F1A3 /* Build configuration list for PBXNativeTarget "ScoreboardTests" */ = {
			isa = XCConfigurationList;
			buildConfigurations = (
				82108FF71CBF4D900019F1A3 /* Debug */,
				82108FF81CBF4D900019F1A3 /* Release */,
			);
			defaultConfigurationIsVisible = 0;
			defaultConfigurationName = Release;
		};
		82108FF91CBF4D900019F1A3 /* Build configuration list for PBXNativeTarget "ScoreboardUITests" */ = {
			isa = XCConfigurationList;
			buildConfigurations = (
				82108FFA1CBF4D900019F1A3 /* Debug */,
				82108FFB1CBF4D900019F1A3 /* Release */,
			);
			defaultConfigurationIsVisible = 0;
			defaultConfigurationName = Release;
		};
/* End XCConfigurationList section */

/* Begin XCVersionGroup section */
		82108FD21CBF4D8F0019F1A3 /* Scoreboard.xcdatamodeld */ = {
			isa = XCVersionGroup;
			children = (
				82108FD31CBF4D8F0019F1A3 /* Scoreboard.xcdatamodel */,
			);
			currentVersion = 82108FD31CBF4D8F0019F1A3 /* Scoreboard.xcdatamodel */;
			path = Scoreboard.xcdatamodeld;
			sourceTree = "<group>";
			versionGroupType = wrapper.xcdatamodel;
		};
/* End XCVersionGroup section */
	};
	rootObject = 82108FC01CBF4D8F0019F1A3 /* Project object */;
}
